// !$*UTF8*$!
{
	archiveVersion = 1;
	classes = {
	};
	objectVersion = 46;
	objects = {

/* Begin PBXBuildFile section */
		360D4D881C8AAA2F006B21A0 /* main.m in Sources */ = {isa = PBXBuildFile; fileRef = 360D4D871C8AAA2F006B21A0 /* main.m */; };
		360D4D8B1C8AAA2F006B21A0 /* AppDelegate.m in Sources */ = {isa = PBXBuildFile; fileRef = 360D4D8A1C8AAA2F006B21A0 /* AppDelegate.m */; };
		360D4D8E1C8AAA2F006B21A0 /* ViewController.m in Sources */ = {isa = PBXBuildFile; fileRef = 360D4D8D1C8AAA2F006B21A0 /* ViewController.m */; };
		360D4D911C8AAA2F006B21A0 /* Main.storyboard in Resources */ = {isa = PBXBuildFile; fileRef = 360D4D8F1C8AAA2F006B21A0 /* Main.storyboard */; };
		360D4D931C8AAA2F006B21A0 /* Assets.xcassets in Resources */ = {isa = PBXBuildFile; fileRef = 360D4D921C8AAA2F006B21A0 /* Assets.xcassets */; };
		360D4D961C8AAA2F006B21A0 /* LaunchScreen.storyboard in Resources */ = {isa = PBXBuildFile; fileRef = 360D4D941C8AAA2F006B21A0 /* LaunchScreen.storyboard */; };
		360D4DA11C8AAA2F006B21A0 /* DISPATCHQUEUETests.m in Sources */ = {isa = PBXBuildFile; fileRef = 360D4DA01C8AAA2F006B21A0 /* DISPATCHQUEUETests.m */; };
		360D4DAC1C8AAA2F006B21A0 /* DISPATCHQUEUEUITests.m in Sources */ = {isa = PBXBuildFile; fileRef = 360D4DAB1C8AAA2F006B21A0 /* DISPATCHQUEUEUITests.m */; };
/* End PBXBuildFile section */

/* Begin PBXContainerItemProxy section */
		360D4D9D1C8AAA2F006B21A0 /* PBXContainerItemProxy */ = {
			isa = PBXContainerItemProxy;
			containerPortal = 360D4D7B1C8AAA2F006B21A0 /* Project object */;
			proxyType = 1;
			remoteGlobalIDString = 360D4D821C8AAA2F006B21A0;
			remoteInfo = DISPATCHQUEUE;
		};
		360D4DA81C8AAA2F006B21A0 /* PBXContainerItemProxy */ = {
			isa = PBXContainerItemProxy;
			containerPortal = 360D4D7B1C8AAA2F006B21A0 /* Project object */;
			proxyType = 1;
			remoteGlobalIDString = 360D4D821C8AAA2F006B21A0;
			remoteInfo = DISPATCHQUEUE;
		};
/* End PBXContainerItemProxy section */

/* Begin PBXFileReference section */
		360D4D831C8AAA2F006B21A0 /* DISPATCHQUEUE.app */ = {isa = PBXFileReference; explicitFileType = wrapper.application; includeInIndex = 0; path = DISPATCHQUEUE.app; sourceTree = BUILT_PRODUCTS_DIR; };
		360D4D871C8AAA2F006B21A0 /* main.m */ = {isa = PBXFileReference; lastKnownFileType = sourcecode.c.objc; path = main.m; sourceTree = "<group>"; };
		360D4D891C8AAA2F006B21A0 /* AppDelegate.h */ = {isa = PBXFileReference; lastKnownFileType = sourcecode.c.h; path = AppDelegate.h; sourceTree = "<group>"; };
		360D4D8A1C8AAA2F006B21A0 /* AppDelegate.m */ = {isa = PBXFileReference; lastKnownFileType = sourcecode.c.objc; path = AppDelegate.m; sourceTree = "<group>"; };
		360D4D8C1C8AAA2F006B21A0 /* ViewController.h */ = {isa = PBXFileReference; lastKnownFileType = sourcecode.c.h; path = ViewController.h; sourceTree = "<group>"; };
		360D4D8D1C8AAA2F006B21A0 /* ViewController.m */ = {isa = PBXFileReference; lastKnownFileType = sourcecode.c.objc; path = ViewController.m; sourceTree = "<group>"; };
		360D4D901C8AAA2F006B21A0 /* Base */ = {isa = PBXFileReference; lastKnownFileType = file.storyboard; name = Base; path = Base.lproj/Main.storyboard; sourceTree = "<group>"; };
		360D4D921C8AAA2F006B21A0 /* Assets.xcassets */ = {isa = PBXFileReference; lastKnownFileType = folder.assetcatalog; path = Assets.xcassets; sourceTree = "<group>"; };
		360D4D951C8AAA2F006B21A0 /* Base */ = {isa = PBXFileReference; lastKnownFileType = file.storyboard; name = Base; path = Base.lproj/LaunchScreen.storyboard; sourceTree = "<group>"; };
		360D4D971C8AAA2F006B21A0 /* Info.plist */ = {isa = PBXFileReference; lastKnownFileType = text.plist.xml; path = Info.plist; sourceTree = "<group>"; };
		360D4D9C1C8AAA2F006B21A0 /* DISPATCHQUEUETests.xctest */ = {isa = PBXFileReference; explicitFileType = wrapper.cfbundle; includeInIndex = 0; path = DISPATCHQUEUETests.xctest; sourceTree = BUILT_PRODUCTS_DIR; };
		360D4DA01C8AAA2F006B21A0 /* DISPATCHQUEUETests.m */ = {isa = PBXFileReference; lastKnownFileType = sourcecode.c.objc; path = DISPATCHQUEUETests.m; sourceTree = "<group>"; };
		360D4DA21C8AAA2F006B21A0 /* Info.plist */ = {isa = PBXFileReference; lastKnownFileType = text.plist.xml; path = Info.plist; sourceTree = "<group>"; };
		360D4DA71C8AAA2F006B21A0 /* DISPATCHQUEUEUITests.xctest */ = {isa = PBXFileReference; explicitFileType = wrapper.cfbundle; includeInIndex = 0; path = DISPATCHQUEUEUITests.xctest; sourceTree = BUILT_PRODUCTS_DIR; };
		360D4DAB1C8AAA2F006B21A0 /* DISPATCHQUEUEUITests.m */ = {isa = PBXFileReference; lastKnownFileType = sourcecode.c.objc; path = DISPATCHQUEUEUITests.m; sourceTree = "<group>"; };
		360D4DAD1C8AAA2F006B21A0 /* Info.plist */ = {isa = PBXFileReference; lastKnownFileType = text.plist.xml; path = Info.plist; sourceTree = "<group>"; };
		360D4DB91C8AC66D006B21A0 /* DISPATCHQUEUE-PrefixHeader.pch */ = {isa = PBXFileReference; fileEncoding = 4; lastKnownFileType = sourcecode.c.h; path = "DISPATCHQUEUE-PrefixHeader.pch"; sourceTree = SOURCE_ROOT; };
/* End PBXFileReference section */

/* Begin PBXFrameworksBuildPhase section */
		360D4D801C8AAA2F006B21A0 /* Frameworks */ = {
			isa = PBXFrameworksBuildPhase;
			buildActionMask = 2147483647;
			files = (
			);
			runOnlyForDeploymentPostprocessing = 0;
		};
		360D4D991C8AAA2F006B21A0 /* Frameworks */ = {
			isa = PBXFrameworksBuildPhase;
			buildActionMask = 2147483647;
			files = (
			);
			runOnlyForDeploymentPostprocessing = 0;
		};
		360D4DA41C8AAA2F006B21A0 /* Frameworks */ = {
			isa = PBXFrameworksBuildPhase;
			buildActionMask = 2147483647;
			files = (
			);
			runOnlyForDeploymentPostprocessing = 0;
		};
/* End PBXFrameworksBuildPhase section */

/* Begin PBXGroup section */
		360D4D7A1C8AAA2F006B21A0 = {
			isa = PBXGroup;
			children = (
				360D4D851C8AAA2F006B21A0 /* DISPATCHQUEUE */,
				360D4D9F1C8AAA2F006B21A0 /* DISPATCHQUEUETests */,
				360D4DAA1C8AAA2F006B21A0 /* DISPATCHQUEUEUITests */,
				360D4D841C8AAA2F006B21A0 /* Products */,
			);
			sourceTree = "<group>";
		};
		360D4D841C8AAA2F006B21A0 /* Products */ = {
			isa = PBXGroup;
			children = (
				360D4D831C8AAA2F006B21A0 /* DISPATCHQUEUE.app */,
				360D4D9C1C8AAA2F006B21A0 /* DISPATCHQUEUETests.xctest */,
				360D4DA71C8AAA2F006B21A0 /* DISPATCHQUEUEUITests.xctest */,
			);
			name = Products;
			sourceTree = "<group>";
		};
		360D4D851C8AAA2F006B21A0 /* DISPATCHQUEUE */ = {
			isa = PBXGroup;
			children = (
				360D4D891C8AAA2F006B21A0 /* AppDelegate.h */,
				360D4D8A1C8AAA2F006B21A0 /* AppDelegate.m */,
				360D4D8C1C8AAA2F006B21A0 /* ViewController.h */,
				360D4D8D1C8AAA2F006B21A0 /* ViewController.m */,
				360D4D8F1C8AAA2F006B21A0 /* Main.storyboard */,
				360D4D921C8AAA2F006B21A0 /* Assets.xcassets */,
				360D4D941C8AAA2F006B21A0 /* LaunchScreen.storyboard */,
				360D4D971C8AAA2F006B21A0 /* Info.plist */,
				360D4D861C8AAA2F006B21A0 /* Supporting Files */,
			);
			path = DISPATCHQUEUE;
			sourceTree = "<group>";
		};
		360D4D861C8AAA2F006B21A0 /* Supporting Files */ = {
			isa = PBXGroup;
			children = (
				360D4DB91C8AC66D006B21A0 /* DISPATCHQUEUE-PrefixHeader.pch */,
				360D4D871C8AAA2F006B21A0 /* main.m */,
			);
			name = "Supporting Files";
			sourceTree = "<group>";
		};
		360D4D9F1C8AAA2F006B21A0 /* DISPATCHQUEUETests */ = {
			isa = PBXGroup;
			children = (
				360D4DA01C8AAA2F006B21A0 /* DISPATCHQUEUETests.m */,
				360D4DA21C8AAA2F006B21A0 /* Info.plist */,
			);
			path = DISPATCHQUEUETests;
			sourceTree = "<group>";
		};
		360D4DAA1C8AAA2F006B21A0 /* DISPATCHQUEUEUITests */ = {
			isa = PBXGroup;
			children = (
				360D4DAB1C8AAA2F006B21A0 /* DISPATCHQUEUEUITests.m */,
				360D4DAD1C8AAA2F006B21A0 /* Info.plist */,
			);
			path = DISPATCHQUEUEUITests;
			sourceTree = "<group>";
		};
/* End PBXGroup section */

/* Begin PBXNativeTarget section */
		360D4D821C8AAA2F006B21A0 /* DISPATCHQUEUE */ = {
			isa = PBXNativeTarget;
			buildConfigurationList = 360D4DB01C8AAA2F006B21A0 /* Build configuration list for PBXNativeTarget "DISPATCHQUEUE" */;
			buildPhases = (
				360D4D7F1C8AAA2F006B21A0 /* Sources */,
				360D4D801C8AAA2F006B21A0 /* Frameworks */,
				360D4D811C8AAA2F006B21A0 /* Resources */,
			);
			buildRules = (
			);
			dependencies = (
			);
			name = DISPATCHQUEUE;
			productName = DISPATCHQUEUE;
			productReference = 360D4D831C8AAA2F006B21A0 /* DISPATCHQUEUE.app */;
			productType = "com.apple.product-type.application";
		};
		360D4D9B1C8AAA2F006B21A0 /* DISPATCHQUEUETests */ = {
			isa = PBXNativeTarget;
			buildConfigurationList = 360D4DB31C8AAA2F006B21A0 /* Build configuration list for PBXNativeTarget "DISPATCHQUEUETests" */;
			buildPhases = (
				360D4D981C8AAA2F006B21A0 /* Sources */,
				360D4D991C8AAA2F006B21A0 /* Frameworks */,
				360D4D9A1C8AAA2F006B21A0 /* Resources */,
			);
			buildRules = (
			);
			dependencies = (
				360D4D9E1C8AAA2F006B21A0 /* PBXTargetDependency */,
			);
			name = DISPATCHQUEUETests;
			productName = DISPATCHQUEUETests;
			productReference = 360D4D9C1C8AAA2F006B21A0 /* DISPATCHQUEUETests.xctest */;
			productType = "com.apple.product-type.bundle.unit-test";
		};
		360D4DA61C8AAA2F006B21A0 /* DISPATCHQUEUEUITests */ = {
			isa = PBXNativeTarget;
			buildConfigurationList = 360D4DB61C8AAA2F006B21A0 /* Build configuration list for PBXNativeTarget "DISPATCHQUEUEUITests" */;
			buildPhases = (
				360D4DA31C8AAA2F006B21A0 /* Sources */,
				360D4DA41C8AAA2F006B21A0 /* Frameworks */,
				360D4DA51C8AAA2F006B21A0 /* Resources */,
			);
			buildRules = (
			);
			dependencies = (
				360D4DA91C8AAA2F006B21A0 /* PBXTargetDependency */,
			);
			name = DISPATCHQUEUEUITests;
			productName = DISPATCHQUEUEUITests;
			productReference = 360D4DA71C8AAA2F006B21A0 /* DISPATCHQUEUEUITests.xctest */;
			productType = "com.apple.product-type.bundle.ui-testing";
		};
/* End PBXNativeTarget section */

/* Begin PBXProject section */
		360D4D7B1C8AAA2F006B21A0 /* Project object */ = {
			isa = PBXProject;
			attributes = {
				LastUpgradeCheck = 0720;
				ORGANIZATIONNAME = MCL;
				TargetAttributes = {
					360D4D821C8AAA2F006B21A0 = {
						CreatedOnToolsVersion = 7.2;
					};
					360D4D9B1C8AAA2F006B21A0 = {
						CreatedOnToolsVersion = 7.2;
						TestTargetID = 360D4D821C8AAA2F006B21A0;
					};
					360D4DA61C8AAA2F006B21A0 = {
						CreatedOnToolsVersion = 7.2;
						TestTargetID = 360D4D821C8AAA2F006B21A0;
					};
				};
			};
			buildConfigurationList = 360D4D7E1C8AAA2F006B21A0 /* Build configuration list for PBXProject "DISPATCHQUEUE" */;
			compatibilityVersion = "Xcode 3.2";
			developmentRegion = English;
			hasScannedForEncodings = 0;
			knownRegions = (
				en,
				Base,
			);
			mainGroup = 360D4D7A1C8AAA2F006B21A0;
			productRefGroup = 360D4D841C8AAA2F006B21A0 /* Products */;
			projectDirPath = "";
			projectRoot = "";
			targets = (
				360D4D821C8AAA2F006B21A0 /* DISPATCHQUEUE */,
				360D4D9B1C8AAA2F006B21A0 /* DISPATCHQUEUETests */,
				360D4DA61C8AAA2F006B21A0 /* DISPATCHQUEUEUITests */,
			);
		};
/* End PBXProject section */

/* Begin PBXResourcesBuildPhase section */
		360D4D811C8AAA2F006B21A0 /* Resources */ = {
			isa = PBXResourcesBuildPhase;
			buildActionMask = 2147483647;
			files = (
				360D4D961C8AAA2F006B21A0 /* LaunchScreen.storyboard in Resources */,
				360D4D931C8AAA2F006B21A0 /* Assets.xcassets in Resources */,
				360D4D911C8AAA2F006B21A0 /* Main.storyboard in Resources */,
			);
			runOnlyForDeploymentPostprocessing = 0;
		};
		360D4D9A1C8AAA2F006B21A0 /* Resources */ = {
			isa = PBXResourcesBuildPhase;
			buildActionMask = 2147483647;
			files = (
			);
			runOnlyForDeploymentPostprocessing = 0;
		};
		360D4DA51C8AAA2F006B21A0 /* Resources */ = {
			isa = PBXResourcesBuildPhase;
			buildActionMask = 2147483647;
			files = (
			);
			runOnlyForDeploymentPostprocessing = 0;
		};
/* End PBXResourcesBuildPhase section */

/* Begin PBXSourcesBuildPhase section */
		360D4D7F1C8AAA2F006B21A0 /* Sources */ = {
			isa = PBXSourcesBuildPhase;
			buildActionMask = 2147483647;
			files = (
				360D4D8E1C8AAA2F006B21A0 /* ViewController.m in Sources */,
				360D4D8B1C8AAA2F006B21A0 /* AppDelegate.m in Sources */,
				360D4D881C8AAA2F006B21A0 /* main.m in Sources */,
			);
			runOnlyForDeploymentPostprocessing = 0;
		};
		360D4D981C8AAA2F006B21A0 /* Sources */ = {
			isa = PBXSourcesBuildPhase;
			buildActionMask = 2147483647;
			files = (
				360D4DA11C8AAA2F006B21A0 /* DISPATCHQUEUETests.m in Sources */,
			);
			runOnlyForDeploymentPostprocessing = 0;
		};
		360D4DA31C8AAA2F006B21A0 /* Sources */ = {
			isa = PBXSourcesBuildPhase;
			buildActionMask = 2147483647;
			files = (
				360D4DAC1C8AAA2F006B21A0 /* DISPATCHQUEUEUITests.m in Sources */,
			);
			runOnlyForDeploymentPostprocessing = 0;
		};
/* End PBXSourcesBuildPhase section */

/* Begin PBXTargetDependency section */
		360D4D9E1C8AAA2F006B21A0 /* PBXTargetDependency */ = {
			isa = PBXTargetDependency;
			target = 360D4D821C8AAA2F006B21A0 /* DISPATCHQUEUE */;
			targetProxy = 360D4D9D1C8AAA2F006B21A0 /* PBXContainerItemProxy */;
		};
		360D4DA91C8AAA2F006B21A0 /* PBXTargetDependency */ = {
			isa = PBXTargetDependency;
			target = 360D4D821C8AAA2F006B21A0 /* DISPATCHQUEUE */;
			targetProxy = 360D4DA81C8AAA2F006B21A0 /* PBXContainerItemProxy */;
		};
/* End PBXTargetDependency section */

/* Begin PBXVariantGroup section */
		360D4D8F1C8AAA2F006B21A0 /* Main.storyboard */ = {
			isa = PBXVariantGroup;
			children = (
				360D4D901C8AAA2F006B21A0 /* Base */,
			);
			name = Main.storyboard;
			sourceTree = "<group>";
		};
		360D4D941C8AAA2F006B21A0 /* LaunchScreen.storyboard */ = {
			isa = PBXVariantGroup;
			children = (
				360D4D951C8AAA2F006B21A0 /* Base */,
			);
			name = LaunchScreen.storyboard;
			sourceTree = "<group>";
		};
/* End PBXVariantGroup section */

/* Begin XCBuildConfiguration section */
		360D4DAE1C8AAA2F006B21A0 /* Debug */ = {
			isa = XCBuildConfiguration;
			buildSettings = {
				ALWAYS_SEARCH_USER_PATHS = NO;
				CLANG_CXX_LANGUAGE_STANDARD = "gnu++0x";
				CLANG_CXX_LIBRARY = "libc++";
				CLANG_ENABLE_MODULES = YES;
				CLANG_ENABLE_OBJC_ARC = YES;
				CLANG_WARN_BOOL_CONVERSION = YES;
				CLANG_WARN_CONSTANT_CONVERSION = YES;
				CLANG_WARN_DIRECT_OBJC_ISA_USAGE = YES_ERROR;
				CLANG_WARN_EMPTY_BODY = YES;
				CLANG_WARN_ENUM_CONVERSION = YES;
				CLANG_WARN_INT_CONVERSION = YES;
				CLANG_WARN_OBJC_ROOT_CLASS = YES_ERROR;
				CLANG_WARN_UNREACHABLE_CODE = YES;
				CLANG_WARN__DUPLICATE_METHOD_MATCH = YES;
				"CODE_SIGN_IDENTITY[sdk=iphoneos*]" = "iPhone Developer";
				COPY_PHASE_STRIP = NO;
				DEBUG_INFORMATION_FORMAT = dwarf;
				ENABLE_STRICT_OBJC_MSGSEND = YES;
				ENABLE_TESTABILITY = YES;
				GCC_C_LANGUAGE_STANDARD = gnu99;
				GCC_DYNAMIC_NO_PIC = NO;
				GCC_NO_COMMON_BLOCKS = YES;
				GCC_OPTIMIZATION_LEVEL = 0;
				GCC_PREPROCESSOR_DEFINITIONS = (
					"DEBUG=1",
					"$(inherited)",
				);
				GCC_WARN_64_TO_32_BIT_CONVERSION = YES;
				GCC_WARN_ABOUT_RETURN_TYPE = YES_ERROR;
				GCC_WARN_UNDECLARED_SELECTOR = YES;
				GCC_WARN_UNINITIALIZED_AUTOS = YES_AGGRESSIVE;
				GCC_WARN_UNUSED_FUNCTION = YES;
				GCC_WARN_UNUSED_VARIABLE = YES;
				IPHONEOS_DEPLOYMENT_TARGET = 9.2;
				MTL_ENABLE_DEBUG_INFO = YES;
				ONLY_ACTIVE_ARCH = YES;
				SDKROOT = iphoneos;
			};
			name = Debug;
		};
		360D4DAF1C8AAA2F006B21A0 /* Release */ = {
			isa = XCBuildConfiguration;
			buildSettings = {
				ALWAYS_SEARCH_USER_PATHS = NO;
				CLANG_CXX_LANGUAGE_STANDARD = "gnu++0x";
				CLANG_CXX_LIBRARY = "libc++";
				CLANG_ENABLE_MODULES = YES;
				CLANG_ENABLE_OBJC_ARC = YES;
				CLANG_WARN_BOOL_CONVERSION = YES;
				CLANG_WARN_CONSTANT_CONVERSION = YES;
				CLANG_WARN_DIRECT_OBJC_ISA_USAGE = YES_ERROR;
				CLANG_WARN_EMPTY_BODY = YES;
				CLANG_WARN_ENUM_CONVERSION = YES;
				CLANG_WARN_INT_CONVERSION = YES;
				CLANG_WARN_OBJC_ROOT_CLASS = YES_ERROR;
				CLANG_WARN_UNREACHABLE_CODE = YES;
				CLANG_WARN__DUPLICATE_METHOD_MATCH = YES;
				"CODE_SIGN_IDENTITY[sdk=iphoneos*]" = "iPhone Developer";
				COPY_PHASE_STRIP = NO;
				DEBUG_INFORMATION_FORMAT = "dwarf-with-dsym";
				ENABLE_NS_ASSERTIONS = NO;
				ENABLE_STRICT_OBJC_MSGSEND = YES;
				GCC_C_LANGUAGE_STANDARD = gnu99;
				GCC_NO_COMMON_BLOCKS = YES;
				GCC_WARN_64_TO_32_BIT_CONVERSION = YES;
				GCC_WARN_ABOUT_RETURN_TYPE = YES_ERROR;
				GCC_WARN_UNDECLARED_SELECTOR = YES;
				GCC_WARN_UNINITIALIZED_AUTOS = YES_AGGRESSIVE;
				GCC_WARN_UNUSED_FUNCTION = YES;
				GCC_WARN_UNUSED_VARIABLE = YES;
				IPHONEOS_DEPLOYMENT_TARGET = 9.2;
				MTL_ENABLE_DEBUG_INFO = NO;
				SDKROOT = iphoneos;
				VALIDATE_PRODUCT = YES;
			};
			name = Release;
		};
		360D4DB11C8AAA2F006B21A0 /* Debug */ = {
			isa = XCBuildConfiguration;
			buildSettings = {
				ASSETCATALOG_COMPILER_APPICON_NAME = AppIcon;
				GCC_PRECOMPILE_PREFIX_HEADER = YES;
				GCC_PREFIX_HEADER = "$(SRCROOT)/DISPATCHQUEUE-PrefixHeader.pch";
				INFOPLIST_FILE = DISPATCHQUEUE/Info.plist;
				IPHONEOS_DEPLOYMENT_TARGET = 8.4;
				LD_RUNPATH_SEARCH_PATHS = "$(inherited) @executable_path/Frameworks";
				PRODUCT_BUNDLE_IDENTIFIER = com.mytest.DISPATCHQUEUE;
				PRODUCT_NAME = "$(TARGET_NAME)";
			};
			name = Debug;
		};
		360D4DB21C8AAA2F006B21A0 /* Release */ = {
			isa = XCBuildConfiguration;
			buildSettings = {
				ASSETCATALOG_COMPILER_APPICON_NAME = AppIcon;
				GCC_PRECOMPILE_PREFIX_HEADER = YES;
				GCC_PREFIX_HEADER = "$(SRCROOT)/DISPATCHQUEUE-PrefixHeader.pch";
				INFOPLIST_FILE = DISPATCHQUEUE/Info.plist;
				IPHONEOS_DEPLOYMENT_TARGET = 8.4;
				LD_RUNPATH_SEARCH_PATHS = "$(inherited) @executable_path/Frameworks";
				PRODUCT_BUNDLE_IDENTIFIER = com.mytest.DISPATCHQUEUE;
				PRODUCT_NAME = "$(TARGET_NAME)";
			};
			name = Release;
		};
		360D4DB41C8AAA2F006B21A0 /* Debug */ = {
			isa = XCBuildConfiguration;
			buildSettings = {
				BUNDLE_LOADER = "$(TEST_HOST)";
				INFOPLIST_FILE = DISPATCHQUEUETests/Info.plist;
				LD_RUNPATH_SEARCH_PATHS = "$(inherited) @executable_path/Frameworks @loader_path/Frameworks";
				PRODUCT_BUNDLE_IDENTIFIER = com.mytest.DISPATCHQUEUETests;
				PRODUCT_NAME = "$(TARGET_NAME)";
				TEST_HOST = "$(BUILT_PRODUCTS_DIR)/DISPATCHQUEUE.app/DISPATCHQUEUE";
			};
			name = Debug;
		};
		360D4DB51C8AAA2F006B21A0 /* Release */ = {
			isa = XCBuildConfiguration;
			buildSettings = {
				BUNDLE_LOADER = "$(TEST_HOST)";
				INFOPLIST_FILE = DISPATCHQUEUETests/Info.plist;
				LD_RUNPATH_SEARCH_PATHS = "$(inherited) @executable_path/Frameworks @loader_path/Frameworks";
				PRODUCT_BUNDLE_IDENTIFIER = com.mytest.DISPATCHQUEUETests;
				PRODUCT_NAME = "$(TARGET_NAME)";
				TEST_HOST = "$(BUILT_PRODUCTS_DIR)/DISPATCHQUEUE.app/DISPATCHQUEUE";
			};
			name = Release;
		};
		360D4DB71C8AAA2F006B21A0 /* Debug */ = {
			isa = XCBuildConfiguration;
			buildSettings = {
				INFOPLIST_FILE = DISPATCHQUEUEUITests/Info.plist;
				LD_RUNPATH_SEARCH_PATHS = "$(inherited) @executable_path/Frameworks @loader_path/Frameworks";
				PRODUCT_BUNDLE_IDENTIFIER = com.mytest.DISPATCHQUEUEUITests;
				PRODUCT_NAME = "$(TARGET_NAME)";
				TEST_TARGET_NAME = DISPATCHQUEUE;
				USES_XCTRUNNER = YES;
			};
			name = Debug;
		};
		360D4DB81C8AAA2F006B21A0 /* Release */ = {
			isa = XCBuildConfiguration;
			buildSettings = {
				INFOPLIST_FILE = DISPATCHQUEUEUITests/Info.plist;
				LD_RUNPATH_SEARCH_PATHS = "$(inherited) @executable_path/Frameworks @loader_path/Frameworks";
				PRODUCT_BUNDLE_IDENTIFIER = com.mytest.DISPATCHQUEUEUITests;
				PRODUCT_NAME = "$(TARGET_NAME)";
				TEST_TARGET_NAME = DISPATCHQUEUE;
				USES_XCTRUNNER = YES;
			};
			name = Release;
		};
/* End XCBuildConfiguration section */

/* Begin XCConfigurationList section */
		360D4D7E1C8AAA2F006B21A0 /* Build configuration list for PBXProject "DISPATCHQUEUE" */ = {
			isa = XCConfigurationList;
			buildConfigurations = (
				360D4DAE1C8AAA2F006B21A0 /* Debug */,
				360D4DAF1C8AAA2F006B21A0 /* Release */,
			);
			defaultConfigurationIsVisible = 0;
			defaultConfigurationName = Release;
		};
		360D4DB01C8AAA2F006B21A0 /* Build configuration list for PBXNativeTarget "DISPATCHQUEUE" */ = {
			isa = XCConfigurationList;
			buildConfigurations = (
				360D4DB11C8AAA2F006B21A0 /* Debug */,
				360D4DB21C8AAA2F006B21A0 /* Release */,
			);
			defaultConfigurationIsVisible = 0;
		};
		360D4DB31C8AAA2F006B21A0 /* Build configuration list for PBXNativeTarget "DISPATCHQUEUETests" */ = {
			isa = XCConfigurationList;
			buildConfigurations = (
				360D4DB41C8AAA2F006B21A0 /* Debug */,
				360D4DB51C8AAA2F006B21A0 /* Release */,
			);
			defaultConfigurationIsVisible = 0;
		};
		360D4DB61C8AAA2F006B21A0 /* Build configuration list for PBXNativeTarget "DISPATCHQUEUEUITests" */ = {
			isa = XCConfigurationList;
			buildConfigurations = (
				360D4DB71C8AAA2F006B21A0 /* Debug */,
				360D4DB81C8AAA2F006B21A0 /* Release */,
			);
			defaultConfigurationIsVisible = 0;
		};
/* End XCConfigurationList section */
	};
	rootObject = 360D4D7B1C8AAA2F006B21A0 /* Project object */;
}
