// !$*UTF8*$!
{
	archiveVersion = 1;
	classes = {
	};
	objectVersion = 46;
	objects = {

/* Begin PBXBuildFile section */
		360676CF1DF167E50051D7B8 /* main.m in Sources */ = {isa = PBXBuildFile; fileRef = 360676CE1DF167E50051D7B8 /* main.m */; };
		360676D21DF167E50051D7B8 /* AppDelegate.m in Sources */ = {isa = PBXBuildFile; fileRef = 360676D11DF167E50051D7B8 /* AppDelegate.m */; };
		360676D51DF167E50051D7B8 /* ViewController.m in Sources */ = {isa = PBXBuildFile; fileRef = 360676D41DF167E50051D7B8 /* ViewController.m */; };
		360676D81DF167E50051D7B8 /* Main.storyboard in Resources */ = {isa = PBXBuildFile; fileRef = 360676D61DF167E50051D7B8 /* Main.storyboard */; };
		360676DB1DF167E50051D7B8 /* WidgetManagerDemo.xcdatamodeld in Sources */ = {isa = PBXBuildFile; fileRef = 360676D91DF167E50051D7B8 /* WidgetManagerDemo.xcdatamodeld */; };
		360676E01DF167E50051D7B8 /* LaunchScreen.storyboard in Resources */ = {isa = PBXBuildFile; fileRef = 360676DE1DF167E50051D7B8 /* LaunchScreen.storyboard */; };
		360676E91DF168250051D7B8 /* FSUIKit.m in Sources */ = {isa = PBXBuildFile; fileRef = 360676E81DF168250051D7B8 /* FSUIKit.m */; };
		360676EC1DF17D0A0051D7B8 /* LayoutButton.m in Sources */ = {isa = PBXBuildFile; fileRef = 360676EB1DF17D0A0051D7B8 /* LayoutButton.m */; };
		360676EE1DF17E2C0051D7B8 /* Assets.xcassets in Resources */ = {isa = PBXBuildFile; fileRef = 360676ED1DF17E2C0051D7B8 /* Assets.xcassets */; };
/* Begin PBXFrameworksBuildPhase section */
		360676C71DF167E50051D7B8 /* Frameworks */ = {
			isa = PBXFrameworksBuildPhase;
			buildActionMask = 2147483647;
			files = (
			);
			runOnlyForDeploymentPostprocessing = 0;
		};
		36BB2E3A1E124E3E00EC87AC /* Frameworks */ = {
			isa = PBXFrameworksBuildPhase;
			buildActionMask = 2147483647;
			files = (
				36BB2E401E124E3E00EC87AC /* NotificationCenter.framework in Frameworks */,
			);
			runOnlyForDeploymentPostprocessing = 0;
		};
/* End PBXFrameworksBuildPhase section */

/* Begin PBXGroup section */
		360676C11DF167E40051D7B8 = {
			isa = PBXGroup;
			children = (
				360676CC1DF167E50051D7B8 /* WidgetManagerDemo */,
				36BB2E411E124E3E00EC87AC /* ShareWidget */,
				36BB2E3E1E124E3E00EC87AC /* Frameworks */,
				360676CB1DF167E50051D7B8 /* Products */,
			);
			sourceTree = "<group>";
		};
		360676CB1DF167E50051D7B8 /* Products */ = {
			isa = PBXGroup;
			children = (
				360676CA1DF167E50051D7B8 /* WidgetManagerDemo.app */,
				36BB2E3D1E124E3E00EC87AC /* ShareWidget.appex */,
			);
			name = Products;
			sourceTree = "<group>";
		};
		360676CC1DF167E50051D7B8 /* WidgetManagerDemo */ = {
			isa = PBXGroup;
			children = (
				360676ED1DF17E2C0051D7B8 /* Assets.xcassets */,
				360676D01DF167E50051D7B8 /* AppDelegate.h */,
				360676D11DF167E50051D7B8 /* AppDelegate.m */,
				360676D31DF167E50051D7B8 /* ViewController.h */,
				360676D41DF167E50051D7B8 /* ViewController.m */,
				360676D61DF167E50051D7B8 /* Main.storyboard */,
				360676DE1DF167E50051D7B8 /* LaunchScreen.storyboard */,
				360676E11DF167E50051D7B8 /* Info.plist */,
				360676D91DF167E50051D7B8 /* WidgetManagerDemo.xcdatamodeld */,
				360676CD1DF167E50051D7B8 /* Supporting Files */,
				360676E71DF168250051D7B8 /* FSUIKit.h */,
				360676E81DF168250051D7B8 /* FSUIKit.m */,
				360676EA1DF17D0A0051D7B8 /* LayoutButton.h */,
				360676EB1DF17D0A0051D7B8 /* LayoutButton.m */,
				360DA0E41DF1B7AB008214E9 /* MCLUIKit.h */,
				360DA0E51DF1B7AB008214E9 /* MCLUIKit.m */,
				360DA0E71DF1B8CE008214E9 /* UIView+Layout.h */,
				360DA0E81DF1B8CE008214E9 /* UIView+Layout.m */,
			);
			path = WidgetManagerDemo;
			sourceTree = "<group>";
		};
		360676CD1DF167E50051D7B8 /* Supporting Files */ = {
			isa = PBXGroup;
			children = (
				360676CE1DF167E50051D7B8 /* main.m */,
			);
			name = "Supporting Files";
			sourceTree = "<group>";
		};
		36BB2E3E1E124E3E00EC87AC /* Frameworks */ = {
			isa = PBXGroup;
			children = (
				36BB2E3F1E124E3E00EC87AC /* NotificationCenter.framework */,
			);
			name = Frameworks;
			sourceTree = "<group>";
		};
		36BB2E411E124E3E00EC87AC /* ShareWidget */ = {
			isa = PBXGroup;
			children = (
				36BB2E501E1253B600EC87AC /* ShareWidget.entitlements */,
				36BB2E421E124E3E00EC87AC /* TodayViewController.h */,
				36BB2E431E124E3E00EC87AC /* TodayViewController.m */,
				36BB2E451E124E3E00EC87AC /* MainInterface.storyboard */,
				36BB2E481E124E3E00EC87AC /* Info.plist */,
			);
			path = ShareWidget;
			sourceTree = "<group>";
		};
/* End PBXGroup section */

/* Begin PBXNativeTarget section */
		360676C91DF167E50051D7B8 /* WidgetManagerDemo */ = {
			isa = PBXNativeTarget;
			buildConfigurationList = 360676E41DF167E50051D7B8 /* Build configuration list for PBXNativeTarget "WidgetManagerDemo" */;
			buildPhases = (
				360676C61DF167E50051D7B8 /* Sources */,
				360676C71DF167E50051D7B8 /* Frameworks */,
				360676C81DF167E50051D7B8 /* Resources */,
				36BB2E4F1E124E3E00EC87AC /* Embed App Extensions */,
			);
			buildRules = (
			);
			dependencies = (
				36BB2E4A1E124E3E00EC87AC /* PBXTargetDependency */,
			);
			name = WidgetManagerDemo;
			productName = WidgetManagerDemo;
			productReference = 360676CA1DF167E50051D7B8 /* WidgetManagerDemo.app */;
			productType = "com.apple.product-type.application";
		};
		36BB2E3C1E124E3E00EC87AC /* ShareWidget */ = {
			isa = PBXNativeTarget;
			buildConfigurationList = 36BB2E4E1E124E3E00EC87AC /* Build configuration list for PBXNativeTarget "ShareWidget" */;
			buildPhases = (
				36BB2E391E124E3E00EC87AC /* Sources */,
				36BB2E3A1E124E3E00EC87AC /* Frameworks */,
				36BB2E3B1E124E3E00EC87AC /* Resources */,
			);
			buildRules = (
			);
			dependencies = (
			);
			name = ShareWidget;
			productName = ShareWidget;
			productReference = 36BB2E3D1E124E3E00EC87AC /* ShareWidget.appex */;
			productType = "com.apple.product-type.app-extension";
		};
/* End PBXNativeTarget section */

/* Begin PBXProject section */
		360676C21DF167E40051D7B8 /* Project object */ = {
			isa = PBXProject;
			attributes = {
				LastUpgradeCheck = 0810;
				ORGANIZATIONNAME = CHLMA;
				TargetAttributes = {
					360676C91DF167E50051D7B8 = {
						CreatedOnToolsVersion = 8.1;
						DevelopmentTeam = U9UA74RVD8;
						ProvisioningStyle = Automatic;
					};
					36BB2E3C1E124E3E00EC87AC = {
						CreatedOnToolsVersion = 8.1;
						DevelopmentTeam = U9UA74RVD8;
						ProvisioningStyle = Automatic;
						SystemCapabilities = {
							com.apple.ApplicationGroups.iOS = {
								enabled = 1;
							};
						};
					};
				};
			};
			buildConfigurationList = 360676C51DF167E40051D7B8 /* Build configuration list for PBXProject "WidgetManagerDemo" */;
			compatibilityVersion = "Xcode 3.2";
			developmentRegion = English;
			hasScannedForEncodings = 0;
			knownRegions = (
				en,
				Base,
			);
			mainGroup = 360676C11DF167E40051D7B8;
			productRefGroup = 360676CB1DF167E50051D7B8 /* Products */;
			projectDirPath = "";
			projectRoot = "";
			targets = (
				360676C91DF167E50051D7B8 /* WidgetManagerDemo */,
				36BB2E3C1E124E3E00EC87AC /* ShareWidget */,
			);
		};
/* End PBXProject section */

/* Begin PBXResourcesBuildPhase section */
		360676C81DF167E50051D7B8 /* Resources */ = {
			isa = PBXResourcesBuildPhase;
			buildActionMask = 2147483647;
			files = (
				360676E01DF167E50051D7B8 /* LaunchScreen.storyboard in Resources */,
				360676EE1DF17E2C0051D7B8 /* Assets.xcassets in Resources */,
				360676D81DF167E50051D7B8 /* Main.storyboard in Resources */,
			);
			runOnlyForDeploymentPostprocessing = 0;
		};
		36BB2E3B1E124E3E00EC87AC /* Resources */ = {
			isa = PBXResourcesBuildPhase;
			buildActionMask = 2147483647;
			files = (
				36BB2E471E124E3E00EC87AC /* MainInterface.storyboard in Resources */,
			);
			runOnlyForDeploymentPostprocessing = 0;
		};
/* End PBXResourcesBuildPhase section */

/* Begin PBXSourcesBuildPhase section */
		360676C61DF167E50051D7B8 /* Sources */ = {
			isa = PBXSourcesBuildPhase;
			buildActionMask = 2147483647;
			files = (
				360676D51DF167E50051D7B8 /* ViewController.m in Sources */,
				360676EC1DF17D0A0051D7B8 /* LayoutButton.m in Sources */,
				360676E91DF168250051D7B8 /* FSUIKit.m in Sources */,
				360676D21DF167E50051D7B8 /* AppDelegate.m in Sources */,
				360DA0E91DF1B8CE008214E9 /* UIView+Layout.m in Sources */,
				360676DB1DF167E50051D7B8 /* WidgetManagerDemo.xcdatamodeld in Sources */,
				360676CF1DF167E50051D7B8 /* main.m in Sources */,
				360DA0E61DF1B7AB008214E9 /* MCLUIKit.m in Sources */,
			);
			runOnlyForDeploymentPostprocessing = 0;
		};
		36BB2E391E124E3E00EC87AC /* Sources */ = {
			isa = PBXSourcesBuildPhase;
			buildActionMask = 2147483647;
			files = (
				36BB2E441E124E3E00EC87AC /* TodayViewController.m in Sources */,
			);
			runOnlyForDeploymentPostprocessing = 0;
		};
/* End PBXSourcesBuildPhase section */

/* Begin PBXTargetDependency section */
		36BB2E4A1E124E3E00EC87AC /* PBXTargetDependency */ = {
			isa = PBXTargetDependency;
			target = 36BB2E3C1E124E3E00EC87AC /* ShareWidget */;
			targetProxy = 36BB2E491E124E3E00EC87AC /* PBXContainerItemProxy */;
		};
/* End PBXTargetDependency section */

/* Begin PBXVariantGroup section */
		360676D61DF167E50051D7B8 /* Main.storyboard */ = {
			isa = PBXVariantGroup;
			children = (
				360676D71DF167E50051D7B8 /* Base */,
			);
			name = Main.storyboard;
			sourceTree = "<group>";
		};
		360676DE1DF167E50051D7B8 /* LaunchScreen.storyboard */ = {
			isa = PBXVariantGroup;
			children = (
				360676DF1DF167E50051D7B8 /* Base */,
			);
			name = LaunchScreen.storyboard;
			sourceTree = "<group>";
		};
		36BB2E451E124E3E00EC87AC /* MainInterface.storyboard */ = {
			isa = PBXVariantGroup;
			children = (
				36BB2E461E124E3E00EC87AC /* Base */,
			);
			name = MainInterface.storyboard;
			sourceTree = "<group>";
		};
/* End PBXVariantGroup section */

/* Begin XCBuildConfiguration section */
		360676E21DF167E50051D7B8 /* Debug */ = {
			isa = XCBuildConfiguration;
			buildSettings = {
				ALWAYS_SEARCH_USER_PATHS = NO;
				CLANG_ANALYZER_NONNULL = YES;
				CLANG_CXX_LANGUAGE_STANDARD = "gnu++0x";
				CLANG_CXX_LIBRARY = "libc++";
				CLANG_ENABLE_MODULES = YES;
				CLANG_ENABLE_OBJC_ARC = YES;
				CLANG_WARN_BOOL_CONVERSION = YES;
				CLANG_WARN_CONSTANT_CONVERSION = YES;
				CLANG_WARN_DIRECT_OBJC_ISA_USAGE = YES_ERROR;
				CLANG_WARN_DOCUMENTATION_COMMENTS = YES;
				CLANG_WARN_EMPTY_BODY = YES;
				CLANG_WARN_ENUM_CONVERSION = YES;
				CLANG_WARN_INFINITE_RECURSION = YES;
				CLANG_WARN_INT_CONVERSION = YES;
				CLANG_WARN_OBJC_ROOT_CLASS = YES_ERROR;
				CLANG_WARN_SUSPICIOUS_MOVES = YES;
				CLANG_WARN_UNREACHABLE_CODE = YES;
				CLANG_WARN__DUPLICATE_METHOD_MATCH = YES;
				"CODE_SIGN_IDENTITY[sdk=iphoneos*]" = "iPhone Developer";
				COPY_PHASE_STRIP = NO;
				DEBUG_INFORMATION_FORMAT = dwarf;
				ENABLE_STRICT_OBJC_MSGSEND = YES;
				ENABLE_TESTABILITY = YES;
				GCC_C_LANGUAGE_STANDARD = gnu99;
				GCC_DYNAMIC_NO_PIC = NO;
				GCC_NO_COMMON_BLOCKS = YES;
				GCC_OPTIMIZATION_LEVEL = 0;
				GCC_PREPROCESSOR_DEFINITIONS = (
					"DEBUG=1",
					"$(inherited)",
				);
				GCC_WARN_64_TO_32_BIT_CONVERSION = YES;
				GCC_WARN_ABOUT_RETURN_TYPE = YES_ERROR;
				GCC_WARN_UNDECLARED_SELECTOR = YES;
				GCC_WARN_UNINITIALIZED_AUTOS = YES_AGGRESSIVE;
				GCC_WARN_UNUSED_FUNCTION = YES;
				GCC_WARN_UNUSED_VARIABLE = YES;
				IPHONEOS_DEPLOYMENT_TARGET = 10.1;
				MTL_ENABLE_DEBUG_INFO = YES;
				ONLY_ACTIVE_ARCH = YES;
				SDKROOT = iphoneos;
			};
			name = Debug;
		};
		360676E31DF167E50051D7B8 /* Release */ = {
			isa = XCBuildConfiguration;
			buildSettings = {
				ALWAYS_SEARCH_USER_PATHS = NO;
				CLANG_ANALYZER_NONNULL = YES;
				CLANG_CXX_LANGUAGE_STANDARD = "gnu++0x";
				CLANG_CXX_LIBRARY = "libc++";
				CLANG_ENABLE_MODULES = YES;
				CLANG_ENABLE_OBJC_ARC = YES;
				CLANG_WARN_BOOL_CONVERSION = YES;
				CLANG_WARN_CONSTANT_CONVERSION = YES;
				CLANG_WARN_DIRECT_OBJC_ISA_USAGE = YES_ERROR;
				CLANG_WARN_DOCUMENTATION_COMMENTS = YES;
				CLANG_WARN_EMPTY_BODY = YES;
				CLANG_WARN_ENUM_CONVERSION = YES;
				CLANG_WARN_INFINITE_RECURSION = YES;
				CLANG_WARN_INT_CONVERSION = YES;
				CLANG_WARN_OBJC_ROOT_CLASS = YES_ERROR;
				CLANG_WARN_SUSPICIOUS_MOVES = YES;
				CLANG_WARN_UNREACHABLE_CODE = YES;
				CLANG_WARN__DUPLICATE_METHOD_MATCH = YES;
				"CODE_SIGN_IDENTITY[sdk=iphoneos*]" = "iPhone Developer";
				COPY_PHASE_STRIP = NO;
				DEBUG_INFORMATION_FORMAT = "dwarf-with-dsym";
				ENABLE_NS_ASSERTIONS = NO;
				ENABLE_STRICT_OBJC_MSGSEND = YES;
				GCC_C_LANGUAGE_STANDARD = gnu99;
				GCC_NO_COMMON_BLOCKS = YES;
				GCC_WARN_64_TO_32_BIT_CONVERSION = YES;
				GCC_WARN_ABOUT_RETURN_TYPE = YES_ERROR;
				GCC_WARN_UNDECLARED_SELECTOR = YES;
				GCC_WARN_UNINITIALIZED_AUTOS = YES_AGGRESSIVE;
				GCC_WARN_UNUSED_FUNCTION = YES;
				GCC_WARN_UNUSED_VARIABLE = YES;
				IPHONEOS_DEPLOYMENT_TARGET = 10.1;
				MTL_ENABLE_DEBUG_INFO = NO;
				SDKROOT = iphoneos;
				VALIDATE_PRODUCT = YES;
			};
			name = Release;
		};
		360676E51DF167E50051D7B8 /* Debug */ = {
			isa = XCBuildConfiguration;
			buildSettings = {
				ASSETCATALOG_COMPILER_APPICON_NAME = AppIcon;
				DEVELOPMENT_TEAM = U9UA74RVD8;
				INFOPLIST_FILE = WidgetManagerDemo/Info.plist;
				IPHONEOS_DEPLOYMENT_TARGET = 8.0;
				LD_RUNPATH_SEARCH_PATHS = "$(inherited) @executable_path/Frameworks";
				PRODUCT_BUNDLE_IDENTIFIER = com.Mayer.WidgetManagerDemo;
				PRODUCT_NAME = "$(TARGET_NAME)";
			};
			name = Debug;
		};
		360676E61DF167E50051D7B8 /* Release */ = {
			isa = XCBuildConfiguration;
			buildSettings = {
				ASSETCATALOG_COMPILER_APPICON_NAME = AppIcon;
				DEVELOPMENT_TEAM = U9UA74RVD8;
				INFOPLIST_FILE = WidgetManagerDemo/Info.plist;
				IPHONEOS_DEPLOYMENT_TARGET = 8.0;
				LD_RUNPATH_SEARCH_PATHS = "$(inherited) @executable_path/Frameworks";
				PRODUCT_BUNDLE_IDENTIFIER = com.Mayer.WidgetManagerDemo;
				PRODUCT_NAME = "$(TARGET_NAME)";
			};
			name = Release;
		};
		36BB2E4C1E124E3E00EC87AC /* Debug */ = {
			isa = XCBuildConfiguration;
			buildSettings = {
				CODE_SIGN_ENTITLEMENTS = ShareWidget/ShareWidget.entitlements;
				DEVELOPMENT_TEAM = U9UA74RVD8;
				INFOPLIST_FILE = ShareWidget/Info.plist;
				IPHONEOS_DEPLOYMENT_TARGET = 8.0;
				LD_RUNPATH_SEARCH_PATHS = "$(inherited) @executable_path/Frameworks @executable_path/../../Frameworks";
				PRODUCT_BUNDLE_IDENTIFIER = com.Mayer.WidgetManagerDemo.ShareWidget;
				PRODUCT_NAME = "$(TARGET_NAME)";
				SKIP_INSTALL = YES;
			};
			name = Debug;
		};
		36BB2E4D1E124E3E00EC87AC /* Release */ = {
			isa = XCBuildConfiguration;
			buildSettings = {
				CODE_SIGN_ENTITLEMENTS = ShareWidget/ShareWidget.entitlements;
				DEVELOPMENT_TEAM = U9UA74RVD8;
				INFOPLIST_FILE = ShareWidget/Info.plist;
				IPHONEOS_DEPLOYMENT_TARGET = 8.0;
				LD_RUNPATH_SEARCH_PATHS = "$(inherited) @executable_path/Frameworks @executable_path/../../Frameworks";
				PRODUCT_BUNDLE_IDENTIFIER = com.Mayer.WidgetManagerDemo.ShareWidget;
				PRODUCT_NAME = "$(TARGET_NAME)";
				SKIP_INSTALL = YES;
			};
			name = Release;
		};
/* End XCBuildConfiguration section */

/* Begin XCConfigurationList section */
		360676C51DF167E40051D7B8 /* Build configuration list for PBXProject "WidgetManagerDemo" */ = {
			isa = XCConfigurationList;
			buildConfigurations = (
				360676E21DF167E50051D7B8 /* Debug */,
				360676E31DF167E50051D7B8 /* Release */,
			);
			defaultConfigurationIsVisible = 0;
			defaultConfigurationName = Release;
		};
		360676E41DF167E50051D7B8 /* Build configuration list for PBXNativeTarget "WidgetManagerDemo" */ = {
			isa = XCConfigurationList;
			buildConfigurations = (
				360676E51DF167E50051D7B8 /* Debug */,
				360676E61DF167E50051D7B8 /* Release */,
			);
			defaultConfigurationIsVisible = 0;
			defaultConfigurationName = Release;
		};
/* End XCConfigurationList section */

/* Begin XCVersionGroup section */
		360676D91DF167E50051D7B8 /* WidgetManagerDemo.xcdatamodeld */ = {
			isa = XCVersionGroup;
			children = (
				360676DA1DF167E50051D7B8 /* WidgetManagerDemo.xcdatamodel */,
			);
			currentVersion = 360676DA1DF167E50051D7B8 /* WidgetManagerDemo.xcdatamodel */;
			path = WidgetManagerDemo.xcdatamodeld;
			sourceTree = "<group>";
			versionGroupType = wrapper.xcdatamodel;
		};
/* End XCVersionGroup section */
	};
	rootObject = 360676C21DF167E40051D7B8 /* Project object */;
}
